
Microsoft Visual Studio Solution File, Format Version 12.00
# Visual Studio Version 16
VisualStudioVersion = 16.0.30907.101
MinimumVisualStudioVersion = 10.0.40219.1
Project("{9A19103F-16F7-4668-BE54-9A1E7A4F7556}") = "Methods", "Methods.csproj", "{366199A7-19B7-4C0F-BF70-4DC1E8A497BD}"
EndProject
Global
	GlobalSection(SolutionConfigurationPlatforms) = preSolution
		Debug|Any CPU = Debug|Any CPU
		Release|Any CPU = Release|Any CPU
	EndGlobalSection
	GlobalSection(ProjectConfigurationPlatforms) = postSolution
		{366199A7-19B7-4C0F-BF70-4DC1E8A497BD}.Debug|Any CPU.ActiveCfg = Debug|Any CPU
		{366199A7-19B7-4C0F-BF70-4DC1E8A497BD}.Debug|Any CPU.Build.0 = Debug|Any CPU
		{366199A7-19B7-4C0F-BF70-4DC1E8A497BD}.Release|Any CPU.ActiveCfg = Release|Any CPU
		{366199A7-19B7-4C0F-BF70-4DC1E8A497BD}.Release|Any CPU.Build.0 = Release|Any CPU
	EndGlobalSection
	GlobalSection(SolutionProperties) = preSolution
		HideSolutionNode = FALSE
	EndGlobalSection
	GlobalSection(ExtensibilityGlobals) = postSolution
		SolutionGuid = {D2FE5702-70E1-4A60-B66B-21FC28D9B282}
	EndGlobalSection
EndGlobal
